
Microsoft Visual Studio Solution File, Format Version 12.00
# Visual Studio Version 16
VisualStudioVersion = 16.0.30011.22
MinimumVisualStudioVersion = 10.0.40219.1
Project("{FAE04EC0-301F-11D3-BF4B-00C04F79EFBC}") = "ExamenCorto3", "ExamenCorto3\ExamenCorto3.csproj", "{B73743E5-AC78-4063-9ED7-412E04B99C05}"
EndProject
Global
	GlobalSection(SolutionConfigurationPlatforms) = preSolution
		Debug|Any CPU = Debug|Any CPU
		Release|Any CPU = Release|Any CPU
	EndGlobalSection
	GlobalSection(ProjectConfigurationPlatforms) = postSolution
		{B73743E5-AC78-4063-9ED7-412E04B99C05}.Debug|Any CPU.ActiveCfg = Debug|Any CPU
		{B73743E5-AC78-4063-9ED7-412E04B99C05}.Debug|Any CPU.Build.0 = Debug|Any CPU
		{B73743E5-AC78-4063-9ED7-412E04B99C05}.Release|Any CPU.ActiveCfg = Release|Any CPU
		{B73743E5-AC78-4063-9ED7-412E04B99C05}.Release|Any CPU.Build.0 = Release|Any CPU
	EndGlobalSection
	GlobalSection(SolutionProperties) = preSolution
		HideSolutionNode = FALSE
	EndGlobalSection
	GlobalSection(ExtensibilityGlobals) = postSolution
		SolutionGuid = {1C948D1D-3F30-415B-BBB3-6CD43094A644}
	EndGlobalSection
EndGlobal
